// !$*UTF8*$!
{
	archiveVersion = 1;
	classes = {
	};
	objectVersion = 50;
	objects = {

/* Begin PBXBuildFile section */
		5B727685209B4F7100042582 /* AppDelegate.swift in Sources */ = {isa = PBXBuildFile; fileRef = 5B727684209B4F7100042582 /* AppDelegate.swift */; };
		5B727687209B4F7100042582 /* ViewController.swift in Sources */ = {isa = PBXBuildFile; fileRef = 5B727686209B4F7100042582 /* ViewController.swift */; };
		5B727689209B4F7300042582 /* Assets.xcassets in Resources */ = {isa = PBXBuildFile; fileRef = 5B727688209B4F7300042582 /* Assets.xcassets */; };
		5B72768C209B4F7300042582 /* Main.storyboard in Resources */ = {isa = PBXBuildFile; fileRef = 5B72768A209B4F7300042582 /* Main.storyboard */; };
		5B727698209B4F7300042582 /* SynChangerTests.swift in Sources */ = {isa = PBXBuildFile; fileRef = 5B727697209B4F7300042582 /* SynChangerTests.swift */; };
		5B7276A3209B4F7300042582 /* SynChangerUITests.swift in Sources */ = {isa = PBXBuildFile; fileRef = 5B7276A2209B4F7300042582 /* SynChangerUITests.swift */; };
/* End PBXBuildFile section */

/* Begin PBXContainerItemProxy section */
		5B727694209B4F7300042582 /* PBXContainerItemProxy */ = {
			isa = PBXContainerItemProxy;
			containerPortal = 5B727679209B4F7100042582 /* Project object */;
			proxyType = 1;
			remoteGlobalIDString = 5B727680209B4F7100042582;
			remoteInfo = SynChanger;
		};
		5B72769F209B4F7300042582 /* PBXContainerItemProxy */ = {
			isa = PBXContainerItemProxy;
			containerPortal = 5B727679209B4F7100042582 /* Project object */;
			proxyType = 1;
			remoteGlobalIDString = 5B727680209B4F7100042582;
			remoteInfo = SynChanger;
		};
/* End PBXContainerItemProxy section */

/* Begin PBXFileReference section */
		5B727681209B4F7100042582 /* SynChanger.app */ = {isa = PBXFileReference; explicitFileType = wrapper.application; includeInIndex = 0; path = SynChanger.app; sourceTree = BUILT_PRODUCTS_DIR; };
		5B727684209B4F7100042582 /* AppDelegate.swift */ = {isa = PBXFileReference; lastKnownFileType = sourcecode.swift; path = AppDelegate.swift; sourceTree = "<group>"; };
		5B727686209B4F7100042582 /* ViewController.swift */ = {isa = PBXFileReference; lastKnownFileType = sourcecode.swift; path = ViewController.swift; sourceTree = "<group>"; };
		5B727688209B4F7300042582 /* Assets.xcassets */ = {isa = PBXFileReference; lastKnownFileType = folder.assetcatalog; path = Assets.xcassets; sourceTree = "<group>"; };
		5B72768B209B4F7300042582 /* Base */ = {isa = PBXFileReference; lastKnownFileType = file.storyboard; name = Base; path = Base.lproj/Main.storyboard; sourceTree = "<group>"; };
		5B72768D209B4F7300042582 /* Info.plist */ = {isa = PBXFileReference; lastKnownFileType = text.plist.xml; path = Info.plist; sourceTree = "<group>"; };
		5B72768E209B4F7300042582 /* SynChanger.entitlements */ = {isa = PBXFileReference; lastKnownFileType = text.plist.entitlements; path = SynChanger.entitlements; sourceTree = "<group>"; };
		5B727693209B4F7300042582 /* SynChangerTests.xctest */ = {isa = PBXFileReference; explicitFileType = wrapper.cfbundle; includeInIndex = 0; path = SynChangerTests.xctest; sourceTree = BUILT_PRODUCTS_DIR; };
		5B727697209B4F7300042582 /* SynChangerTests.swift */ = {isa = PBXFileReference; lastKnownFileType = sourcecode.swift; path = SynChangerTests.swift; sourceTree = "<group>"; };
		5B727699209B4F7300042582 /* Info.plist */ = {isa = PBXFileReference; lastKnownFileType = text.plist.xml; path = Info.plist; sourceTree = "<group>"; };
		5B72769E209B4F7300042582 /* SynChangerUITests.xctest */ = {isa = PBXFileReference; explicitFileType = wrapper.cfbundle; includeInIndex = 0; path = SynChangerUITests.xctest; sourceTree = BUILT_PRODUCTS_DIR; };
		5B7276A2209B4F7300042582 /* SynChangerUITests.swift */ = {isa = PBXFileReference; lastKnownFileType = sourcecode.swift; path = SynChangerUITests.swift; sourceTree = "<group>"; };
		5B7276A4209B4F7300042582 /* Info.plist */ = {isa = PBXFileReference; lastKnownFileType = text.plist.xml; path = Info.plist; sourceTree = "<group>"; };
/* End PBXFileReference section */

/* Begin PBXFrameworksBuildPhase section */
		5B72767E209B4F7100042582 /* Frameworks */ = {
			isa = PBXFrameworksBuildPhase;
			buildActionMask = 2147483647;
			files = (
			);
			runOnlyForDeploymentPostprocessing = 0;
		};
		5B727690209B4F7300042582 /* Frameworks */ = {
			isa = PBXFrameworksBuildPhase;
			buildActionMask = 2147483647;
			files = (
			);
			runOnlyForDeploymentPostprocessing = 0;
		};
		5B72769B209B4F7300042582 /* Frameworks */ = {
			isa = PBXFrameworksBuildPhase;
			buildActionMask = 2147483647;
			files = (
			);
			runOnlyForDeploymentPostprocessing = 0;
		};
/* End PBXFrameworksBuildPhase section */

/* Begin PBXGroup section */
		5B727678209B4F7100042582 = {
			isa = PBXGroup;
			children = (
				5B727683209B4F7100042582 /* SynChanger */,
				5B727696209B4F7300042582 /* SynChangerTests */,
				5B7276A1209B4F7300042582 /* SynChangerUITests */,
				5B727682209B4F7100042582 /* Products */,
			);
			sourceTree = "<group>";
		};
		5B727682209B4F7100042582 /* Products */ = {
			isa = PBXGroup;
			children = (
				5B727681209B4F7100042582 /* SynChanger.app */,
				5B727693209B4F7300042582 /* SynChangerTests.xctest */,
				5B72769E209B4F7300042582 /* SynChangerUITests.xctest */,
			);
			name = Products;
			sourceTree = "<group>";
		};
		5B727683209B4F7100042582 /* SynChanger */ = {
			isa = PBXGroup;
			children = (
				5B727684209B4F7100042582 /* AppDelegate.swift */,
				5B727686209B4F7100042582 /* ViewController.swift */,
				5B727688209B4F7300042582 /* Assets.xcassets */,
				5B72768A209B4F7300042582 /* Main.storyboard */,
				5B72768D209B4F7300042582 /* Info.plist */,
				5B72768E209B4F7300042582 /* SynChanger.entitlements */,
			);
			path = SynChanger;
			sourceTree = "<group>";
		};
		5B727696209B4F7300042582 /* SynChangerTests */ = {
			isa = PBXGroup;
			children = (
				5B727697209B4F7300042582 /* SynChangerTests.swift */,
				5B727699209B4F7300042582 /* Info.plist */,
			);
			path = SynChangerTests;
			sourceTree = "<group>";
		};
		5B7276A1209B4F7300042582 /* SynChangerUITests */ = {
			isa = PBXGroup;
			children = (
				5B7276A2209B4F7300042582 /* SynChangerUITests.swift */,
				5B7276A4209B4F7300042582 /* Info.plist */,
			);
			path = SynChangerUITests;
			sourceTree = "<group>";
		};
/* End PBXGroup section */

/* Begin PBXNativeTarget section */
		5B727680209B4F7100042582 /* SynChanger */ = {
			isa = PBXNativeTarget;
			buildConfigurationList = 5B7276A7209B4F7300042582 /* Build configuration list for PBXNativeTarget "SynChanger" */;
			buildPhases = (
				5B72767D209B4F7100042582 /* Sources */,
				5B72767E209B4F7100042582 /* Frameworks */,
				5B72767F209B4F7100042582 /* Resources */,
			);
			buildRules = (
			);
			dependencies = (
			);
			name = SynChanger;
			productName = SynChanger;
			productReference = 5B727681209B4F7100042582 /* SynChanger.app */;
			productType = "com.apple.product-type.application";
		};
		5B727692209B4F7300042582 /* SynChangerTests */ = {
			isa = PBXNativeTarget;
			buildConfigurationList = 5B7276AA209B4F7300042582 /* Build configuration list for PBXNativeTarget "SynChangerTests" */;
			buildPhases = (
				5B72768F209B4F7300042582 /* Sources */,
				5B727690209B4F7300042582 /* Frameworks */,
				5B727691209B4F7300042582 /* Resources */,
			);
			buildRules = (
			);
			dependencies = (
				5B727695209B4F7300042582 /* PBXTargetDependency */,
			);
			name = SynChangerTests;
			productName = SynChangerTests;
			productReference = 5B727693209B4F7300042582 /* SynChangerTests.xctest */;
			productType = "com.apple.product-type.bundle.unit-test";
		};
		5B72769D209B4F7300042582 /* SynChangerUITests */ = {
			isa = PBXNativeTarget;
			buildConfigurationList = 5B7276AD209B4F7300042582 /* Build configuration list for PBXNativeTarget "SynChangerUITests" */;
			buildPhases = (
				5B72769A209B4F7300042582 /* Sources */,
				5B72769B209B4F7300042582 /* Frameworks */,
				5B72769C209B4F7300042582 /* Resources */,
			);
			buildRules = (
			);
			dependencies = (
				5B7276A0209B4F7300042582 /* PBXTargetDependency */,
			);
			name = SynChangerUITests;
			productName = SynChangerUITests;
			productReference = 5B72769E209B4F7300042582 /* SynChangerUITests.xctest */;
			productType = "com.apple.product-type.bundle.ui-testing";
		};
/* End PBXNativeTarget section */

/* Begin PBXProject section */
		5B727679209B4F7100042582 /* Project object */ = {
			isa = PBXProject;
			attributes = {
				LastSwiftUpdateCheck = 0930;
				LastUpgradeCheck = 0930;
				ORGANIZATIONNAME = gaucho1218;
				TargetAttributes = {
					5B727680209B4F7100042582 = {
						CreatedOnToolsVersion = 9.3;
					};
					5B727692209B4F7300042582 = {
						CreatedOnToolsVersion = 9.3;
						TestTargetID = 5B727680209B4F7100042582;
					};
					5B72769D209B4F7300042582 = {
						CreatedOnToolsVersion = 9.3;
						TestTargetID = 5B727680209B4F7100042582;
					};
				};
			};
			buildConfigurationList = 5B72767C209B4F7100042582 /* Build configuration list for PBXProject "SynChanger" */;
			compatibilityVersion = "Xcode 9.3";
			developmentRegion = en;
			hasScannedForEncodings = 0;
			knownRegions = (
				en,
				Base,
			);
			mainGroup = 5B727678209B4F7100042582;
			productRefGroup = 5B727682209B4F7100042582 /* Products */;
			projectDirPath = "";
			projectRoot = "";
			targets = (
				5B727680209B4F7100042582 /* SynChanger */,
				5B727692209B4F7300042582 /* SynChangerTests */,
				5B72769D209B4F7300042582 /* SynChangerUITests */,
			);
		};
/* End PBXProject section */

/* Begin PBXResourcesBuildPhase section */
		5B72767F209B4F7100042582 /* Resources */ = {
			isa = PBXResourcesBuildPhase;
			buildActionMask = 2147483647;
			files = (
				5B727689209B4F7300042582 /* Assets.xcassets in Resources */,
				5B72768C209B4F7300042582 /* Main.storyboard in Resources */,
			);
			runOnlyForDeploymentPostprocessing = 0;
		};
		5B727691209B4F7300042582 /* Resources */ = {
			isa = PBXResourcesBuildPhase;
			buildActionMask = 2147483647;
			files = (
			);
			runOnlyForDeploymentPostprocessing = 0;
		};
		5B72769C209B4F7300042582 /* Resources */ = {
			isa = PBXResourcesBuildPhase;
			buildActionMask = 2147483647;
			files = (
			);
			runOnlyForDeploymentPostprocessing = 0;
		};
/* End PBXResourcesBuildPhase section */

/* Begin PBXSourcesBuildPhase section */
		5B72767D209B4F7100042582 /* Sources */ = {
			isa = PBXSourcesBuildPhase;
			buildActionMask = 2147483647;
			files = (
				5B727687209B4F7100042582 /* ViewController.swift in Sources */,
				5B727685209B4F7100042582 /* AppDelegate.swift in Sources */,
			);
			runOnlyForDeploymentPostprocessing = 0;
		};
		5B72768F209B4F7300042582 /* Sources */ = {
			isa = PBXSourcesBuildPhase;
			buildActionMask = 2147483647;
			files = (
				5B727698209B4F7300042582 /* SynChangerTests.swift in Sources */,
			);
			runOnlyForDeploymentPostprocessing = 0;
		};
		5B72769A209B4F7300042582 /* Sources */ = {
			isa = PBXSourcesBuildPhase;
			buildActionMask = 2147483647;
			files = (
				5B7276A3209B4F7300042582 /* SynChangerUITests.swift in Sources */,
			);
			runOnlyForDeploymentPostprocessing = 0;
		};
/* End PBXSourcesBuildPhase section */

/* Begin PBXTargetDependency section */
		5B727695209B4F7300042582 /* PBXTargetDependency */ = {
			isa = PBXTargetDependency;
			target = 5B727680209B4F7100042582 /* SynChanger */;
			targetProxy = 5B727694209B4F7300042582 /* PBXContainerItemProxy */;
		};
		5B7276A0209B4F7300042582 /* PBXTargetDependency */ = {
			isa = PBXTargetDependency;
			target = 5B727680209B4F7100042582 /* SynChanger */;
			targetProxy = 5B72769F209B4F7300042582 /* PBXContainerItemProxy */;
		};
/* End PBXTargetDependency section */

/* Begin PBXVariantGroup section */
		5B72768A209B4F7300042582 /* Main.storyboard */ = {
			isa = PBXVariantGroup;
			children = (
				5B72768B209B4F7300042582 /* Base */,
			);
			name = Main.storyboard;
			sourceTree = "<group>";
		};
/* End PBXVariantGroup section */

/* Begin XCBuildConfiguration section */
		5B7276A5209B4F7300042582 /* Debug */ = {
			isa = XCBuildConfiguration;
			buildSettings = {
				ALWAYS_SEARCH_USER_PATHS = NO;
				CLANG_ANALYZER_NONNULL = YES;
				CLANG_ANALYZER_NUMBER_OBJECT_CONVERSION = YES_AGGRESSIVE;
				CLANG_CXX_LANGUAGE_STANDARD = "gnu++14";
				CLANG_CXX_LIBRARY = "libc++";
				CLANG_ENABLE_MODULES = YES;
				CLANG_ENABLE_OBJC_ARC = YES;
				CLANG_ENABLE_OBJC_WEAK = YES;
				CLANG_WARN_BLOCK_CAPTURE_AUTORELEASING = YES;
				CLANG_WARN_BOOL_CONVERSION = YES;
				CLANG_WARN_COMMA = YES;
				CLANG_WARN_CONSTANT_CONVERSION = YES;
				CLANG_WARN_DEPRECATED_OBJC_IMPLEMENTATIONS = YES;
				CLANG_WARN_DIRECT_OBJC_ISA_USAGE = YES_ERROR;
				CLANG_WARN_DOCUMENTATION_COMMENTS = YES;
				CLANG_WARN_EMPTY_BODY = YES;
				CLANG_WARN_ENUM_CONVERSION = YES;
				CLANG_WARN_INFINITE_RECURSION = YES;
				CLANG_WARN_INT_CONVERSION = YES;
				CLANG_WARN_NON_LITERAL_NULL_CONVERSION = YES;
				CLANG_WARN_OBJC_IMPLICIT_RETAIN_SELF = YES;
				CLANG_WARN_OBJC_LITERAL_CONVERSION = YES;
				CLANG_WARN_OBJC_ROOT_CLASS = YES_ERROR;
				CLANG_WARN_RANGE_LOOP_ANALYSIS = YES;
				CLANG_WARN_STRICT_PROTOTYPES = YES;
				CLANG_WARN_SUSPICIOUS_MOVE = YES;
				CLANG_WARN_UNGUARDED_AVAILABILITY = YES_AGGRESSIVE;
				CLANG_WARN_UNREACHABLE_CODE = YES;
				CLANG_WARN__DUPLICATE_METHOD_MATCH = YES;
				CODE_SIGN_IDENTITY = "-";
				COPY_PHASE_STRIP = NO;
				DEBUG_INFORMATION_FORMAT = dwarf;
				ENABLE_STRICT_OBJC_MSGSEND = YES;
				ENABLE_TESTABILITY = YES;
				GCC_C_LANGUAGE_STANDARD = gnu11;
				GCC_DYNAMIC_NO_PIC = NO;
				GCC_NO_COMMON_BLOCKS = YES;
				GCC_OPTIMIZATION_LEVEL = 0;
				GCC_PREPROCESSOR_DEFINITIONS = (
					"DEBUG=1",
					"$(inherited)",
				);
				GCC_WARN_64_TO_32_BIT_CONVERSION = YES;
				GCC_WARN_ABOUT_RETURN_TYPE = YES_ERROR;
				GCC_WARN_UNDECLARED_SELECTOR = YES;
				GCC_WARN_UNINITIALIZED_AUTOS = YES_AGGRESSIVE;
				GCC_WARN_UNUSED_FUNCTION = YES;
				GCC_WARN_UNUSED_VARIABLE = YES;
				MACOSX_DEPLOYMENT_TARGET = 10.13;
				MTL_ENABLE_DEBUG_INFO = YES;
				ONLY_ACTIVE_ARCH = YES;
				SDKROOT = macosx;
				SWIFT_ACTIVE_COMPILATION_CONDITIONS = DEBUG;
				SWIFT_OPTIMIZATION_LEVEL = "-Onone";
			};
			name = Debug;
		};
		5B7276A6209B4F7300042582 /* Release */ = {
			isa = XCBuildConfiguration;
			buildSettings = {
				ALWAYS_SEARCH_USER_PATHS = NO;
				CLANG_ANALYZER_NONNULL = YES;
				CLANG_ANALYZER_NUMBER_OBJECT_CONVERSION = YES_AGGRESSIVE;
				CLANG_CXX_LANGUAGE_STANDARD = "gnu++14";
				CLANG_CXX_LIBRARY = "libc++";
				CLANG_ENABLE_MODULES = YES;
				CLANG_ENABLE_OBJC_ARC = YES;
				CLANG_ENABLE_OBJC_WEAK = YES;
				CLANG_WARN_BLOCK_CAPTURE_AUTORELEASING = YES;
				CLANG_WARN_BOOL_CONVERSION = YES;
				CLANG_WARN_COMMA = YES;
				CLANG_WARN_CONSTANT_CONVERSION = YES;
				CLANG_WARN_DEPRECATED_OBJC_IMPLEMENTATIONS = YES;
				CLANG_WARN_DIRECT_OBJC_ISA_USAGE = YES_ERROR;
				CLANG_WARN_DOCUMENTATION_COMMENTS = YES;
				CLANG_WARN_EMPTY_BODY = YES;
				CLANG_WARN_ENUM_CONVERSION = YES;
				CLANG_WARN_INFINITE_RECURSION = YES;
				CLANG_WARN_INT_CONVERSION = YES;
				CLANG_WARN_NON_LITERAL_NULL_CONVERSION = YES;
				CLANG_WARN_OBJC_IMPLICIT_RETAIN_SELF = YES;
				CLANG_WARN_OBJC_LITERAL_CONVERSION = YES;
				CLANG_WARN_OBJC_ROOT_CLASS = YES_ERROR;
				CLANG_WARN_RANGE_LOOP_ANALYSIS = YES;
				CLANG_WARN_STRICT_PROTOTYPES = YES;
				CLANG_WARN_SUSPICIOUS_MOVE = YES;
				CLANG_WARN_UNGUARDED_AVAILABILITY = YES_AGGRESSIVE;
				CLANG_WARN_UNREACHABLE_CODE = YES;
				CLANG_WARN__DUPLICATE_METHOD_MATCH = YES;
				CODE_SIGN_IDENTITY = "-";
				COPY_PHASE_STRIP = NO;
				DEBUG_INFORMATION_FORMAT = "dwarf-with-dsym";
				ENABLE_NS_ASSERTIONS = NO;
				ENABLE_STRICT_OBJC_MSGSEND = YES;
				GCC_C_LANGUAGE_STANDARD = gnu11;
				GCC_NO_COMMON_BLOCKS = YES;
				GCC_WARN_64_TO_32_BIT_CONVERSION = YES;
				GCC_WARN_ABOUT_RETURN_TYPE = YES_ERROR;
				GCC_WARN_UNDECLARED_SELECTOR = YES;
				GCC_WARN_UNINITIALIZED_AUTOS = YES_AGGRESSIVE;
				GCC_WARN_UNUSED_FUNCTION = YES;
				GCC_WARN_UNUSED_VARIABLE = YES;
				MACOSX_DEPLOYMENT_TARGET = 10.13;
				MTL_ENABLE_DEBUG_INFO = NO;
				SDKROOT = macosx;
				SWIFT_COMPILATION_MODE = wholemodule;
				SWIFT_OPTIMIZATION_LEVEL = "-O";
			};
			name = Release;
		};
		5B7276A8209B4F7300042582 /* Debug */ = {
			isa = XCBuildConfiguration;
			buildSettings = {
				ASSETCATALOG_COMPILER_APPICON_NAME = AppIcon;
				CODE_SIGN_ENTITLEMENTS = SynChanger/SynChanger.entitlements;
				CODE_SIGN_STYLE = Automatic;
				COMBINE_HIDPI_IMAGES = YES;
				INFOPLIST_FILE = SynChanger/Info.plist;
				LD_RUNPATH_SEARCH_PATHS = (
					"$(inherited)",
					"@executable_path/../Frameworks",
				);
				PRODUCT_BUNDLE_IDENTIFIER = com.gaucho1218.SynChanger;
				PRODUCT_NAME = "$(TARGET_NAME)";
				SWIFT_VERSION = 4.0;
			};
			name = Debug;
		};
		5B7276A9209B4F7300042582 /* Release */ = {
			isa = XCBuildConfiguration;
			buildSettings = {
				ASSETCATALOG_COMPILER_APPICON_NAME = AppIcon;
				CODE_SIGN_ENTITLEMENTS = SynChanger/SynChanger.entitlements;
				CODE_SIGN_STYLE = Automatic;
				COMBINE_HIDPI_IMAGES = YES;
				INFOPLIST_FILE = SynChanger/Info.plist;
				LD_RUNPATH_SEARCH_PATHS = (
					"$(inherited)",
					"@executable_path/../Frameworks",
				);
				PRODUCT_BUNDLE_IDENTIFIER = com.gaucho1218.SynChanger;
				PRODUCT_NAME = "$(TARGET_NAME)";
				SWIFT_VERSION = 4.0;
			};
			name = Release;
		};
		5B7276AB209B4F7300042582 /* Debug */ = {
			isa = XCBuildConfiguration;
			buildSettings = {
				ALWAYS_EMBED_SWIFT_STANDARD_LIBRARIES = YES;
				BUNDLE_LOADER = "$(TEST_HOST)";
				CODE_SIGN_STYLE = Automatic;
				COMBINE_HIDPI_IMAGES = YES;
				INFOPLIST_FILE = SynChangerTests/Info.plist;
				LD_RUNPATH_SEARCH_PATHS = (
					"$(inherited)",
					"@executable_path/../Frameworks",
					"@loader_path/../Frameworks",
				);
				PRODUCT_BUNDLE_IDENTIFIER = com.gaucho1218.SynChangerTests;
				PRODUCT_NAME = "$(TARGET_NAME)";
				SWIFT_VERSION = 4.0;
				TEST_HOST = "$(BUILT_PRODUCTS_DIR)/SynChanger.app/Contents/MacOS/SynChanger";
			};
			name = Debug;
		};
		5B7276AC209B4F7300042582 /* Release */ = {
			isa = XCBuildConfiguration;
			buildSettings = {
				ALWAYS_EMBED_SWIFT_STANDARD_LIBRARIES = YES;
				BUNDLE_LOADER = "$(TEST_HOST)";
				CODE_SIGN_STYLE = Automatic;
				COMBINE_HIDPI_IMAGES = YES;
				INFOPLIST_FILE = SynChangerTests/Info.plist;
				LD_RUNPATH_SEARCH_PATHS = (
					"$(inherited)",
					"@executable_path/../Frameworks",
					"@loader_path/../Frameworks",
				);
				PRODUCT_BUNDLE_IDENTIFIER = com.gaucho1218.SynChangerTests;
				PRODUCT_NAME = "$(TARGET_NAME)";
				SWIFT_VERSION = 4.0;
				TEST_HOST = "$(BUILT_PRODUCTS_DIR)/SynChanger.app/Contents/MacOS/SynChanger";
			};
			name = Release;
		};
		5B7276AE209B4F7300042582 /* Debug */ = {
			isa = XCBuildConfiguration;
			buildSettings = {
				ALWAYS_EMBED_SWIFT_STANDARD_LIBRARIES = YES;
				CODE_SIGN_STYLE = Automatic;
				COMBINE_HIDPI_IMAGES = YES;
				INFOPLIST_FILE = SynChangerUITests/Info.plist;
				LD_RUNPATH_SEARCH_PATHS = (
					"$(inherited)",
					"@executable_path/../Frameworks",
					"@loader_path/../Frameworks",
				);
				PRODUCT_BUNDLE_IDENTIFIER = com.gaucho1218.SynChangerUITests;
				PRODUCT_NAME = "$(TARGET_NAME)";
				SWIFT_VERSION = 4.0;
				TEST_TARGET_NAME = SynChanger;
			};
			name = Debug;
		};
		5B7276AF209B4F7300042582 /* Release */ = {
			isa = XCBuildConfiguration;
			buildSettings = {
				ALWAYS_EMBED_SWIFT_STANDARD_LIBRARIES = YES;
				CODE_SIGN_STYLE = Automatic;
				COMBINE_HIDPI_IMAGES = YES;
				INFOPLIST_FILE = SynChangerUITests/Info.plist;
				LD_RUNPATH_SEARCH_PATHS = (
					"$(inherited)",
					"@executable_path/../Frameworks",
					"@loader_path/../Frameworks",
				);
				PRODUCT_BUNDLE_IDENTIFIER = com.gaucho1218.SynChangerUITests;
				PRODUCT_NAME = "$(TARGET_NAME)";
				SWIFT_VERSION = 4.0;
				TEST_TARGET_NAME = SynChanger;
			};
			name = Release;
		};
/* End XCBuildConfiguration section */

/* Begin XCConfigurationList section */
		5B72767C209B4F7100042582 /* Build configuration list for PBXProject "SynChanger" */ = {
			isa = XCConfigurationList;
			buildConfigurations = (
				5B7276A5209B4F7300042582 /* Debug */,
				5B7276A6209B4F7300042582 /* Release */,
			);
			defaultConfigurationIsVisible = 0;
			defaultConfigurationName = Release;
		};
		5B7276A7209B4F7300042582 /* Build configuration list for PBXNativeTarget "SynChanger" */ = {
			isa = XCConfigurationList;
			buildConfigurations = (
				5B7276A8209B4F7300042582 /* Debug */,
				5B7276A9209B4F7300042582 /* Release */,
			);
			defaultConfigurationIsVisible = 0;
			defaultConfigurationName = Release;
		};
		5B7276AA209B4F7300042582 /* Build configuration list for PBXNativeTarget "SynChangerTests" */ = {
			isa = XCConfigurationList;
			buildConfigurations = (
				5B7276AB209B4F7300042582 /* Debug */,
				5B7276AC209B4F7300042582 /* Release */,
			);
			defaultConfigurationIsVisible = 0;
			defaultConfigurationName = Release;
		};
		5B7276AD209B4F7300042582 /* Build configuration list for PBXNativeTarget "SynChangerUITests" */ = {
			isa = XCConfigurationList;
			buildConfigurations = (
				5B7276AE209B4F7300042582 /* Debug */,
				5B7276AF209B4F7300042582 /* Release */,
			);
			defaultConfigurationIsVisible = 0;
			defaultConfigurationName = Release;
		};
/* End XCConfigurationList section */
	};
	rootObject = 5B727679209B4F7100042582 /* Project object */;
}
